
Microsoft Visual Studio Solution File, Format Version 12.00
# Visual Studio Version 17
VisualStudioVersion = 17.10.35027.167
MinimumVisualStudioVersion = 10.0.40219.1
Project("{2150E333-8FDC-42A3-9474-1A3956D46DE8}") = "Core", "Core", "{91B78DE1-A929-477C-91EB-389C80EE007F}"
EndProject
Project("{9A19103F-16F7-4668-BE54-9A1E7A4F7556}") = "ProjectName.Abstraction", "Core\ProjectName.Abstraction\ProjectName.Abstraction.csproj", "{9D2C73E5-B859-4020-A611-E971FC062631}"
EndProject
Project("{FAE04EC0-301F-11D3-BF4B-00C04F79EFBC}") = "ProjectName.Base", "Core\ProjectName.Base\ProjectName.Base.csproj", "{6AFAAF25-4657-4694-998E-68B554F2ABB8}"
EndProject
Project("{9A19103F-16F7-4668-BE54-9A1E7A4F7556}") = "ProjectName.Implementation", "Core\ProjectName.Implementation\ProjectName.Implementation.csproj", "{848E89AE-93ED-4766-ABD4-E228D22FF7A7}"
EndProject
Global
	GlobalSection(SolutionConfigurationPlatforms) = preSolution
		Debug|Any CPU = Debug|Any CPU
		Release|Any CPU = Release|Any CPU
	EndGlobalSection
	GlobalSection(ProjectConfigurationPlatforms) = postSolution
		{9D2C73E5-B859-4020-A611-E971FC062631}.Debug|Any CPU.ActiveCfg = Debug|Any CPU
		{9D2C73E5-B859-4020-A611-E971FC062631}.Debug|Any CPU.Build.0 = Debug|Any CPU
		{9D2C73E5-B859-4020-A611-E971FC062631}.Release|Any CPU.ActiveCfg = Release|Any CPU
		{9D2C73E5-B859-4020-A611-E971FC062631}.Release|Any CPU.Build.0 = Release|Any CPU
		{6AFAAF25-4657-4694-998E-68B554F2ABB8}.Debug|Any CPU.ActiveCfg = Debug|Any CPU
		{6AFAAF25-4657-4694-998E-68B554F2ABB8}.Debug|Any CPU.Build.0 = Debug|Any CPU
		{6AFAAF25-4657-4694-998E-68B554F2ABB8}.Release|Any CPU.ActiveCfg = Release|Any CPU
		{6AFAAF25-4657-4694-998E-68B554F2ABB8}.Release|Any CPU.Build.0 = Release|Any CPU
		{848E89AE-93ED-4766-ABD4-E228D22FF7A7}.Debug|Any CPU.ActiveCfg = Debug|Any CPU
		{848E89AE-93ED-4766-ABD4-E228D22FF7A7}.Debug|Any CPU.Build.0 = Debug|Any CPU
		{848E89AE-93ED-4766-ABD4-E228D22FF7A7}.Release|Any CPU.ActiveCfg = Release|Any CPU
		{848E89AE-93ED-4766-ABD4-E228D22FF7A7}.Release|Any CPU.Build.0 = Release|Any CPU
	EndGlobalSection
	GlobalSection(SolutionProperties) = preSolution
		HideSolutionNode = FALSE
	EndGlobalSection
	GlobalSection(NestedProjects) = preSolution
		{9D2C73E5-B859-4020-A611-E971FC062631} = {91B78DE1-A929-477C-91EB-389C80EE007F}
		{6AFAAF25-4657-4694-998E-68B554F2ABB8} = {91B78DE1-A929-477C-91EB-389C80EE007F}
		{848E89AE-93ED-4766-ABD4-E228D22FF7A7} = {91B78DE1-A929-477C-91EB-389C80EE007F}
	EndGlobalSection
	GlobalSection(ExtensibilityGlobals) = postSolution
		SolutionGuid = {FC98B6D5-F1C7-4A3C-9DC8-F08FEF1C86A2}
	EndGlobalSection
EndGlobal
